{
  "name": "tic-tac-toe",
  "version": "1.0.0",
  "lockfileVersion": 3,
  "requires": true,
  "packages": {
    "": {
      "name": "tic-tac-toe",
      "version": "1.0.0",
      "dependencies": {
        "next": "^14.0.0",
        "react": "^18.2.0",
        "react-dom": "^18.2.0",
        "sqlite3": "^5.1.6",
        "typeorm": "^0.3.20"
      },
      "devDependencies": {
        "@types/node": "^20.10.0",
        "@types/react": "^18.2.45",
        "@types/react-dom": "^18.2.18",
        "@types/sqlite3": "^3.1.11",
        "ts-node": "^10.9.1",
        "typescript": "^5.3.0"
      }
    }
  }
}